// !$*UTF8*$!
{
	archiveVersion = 1;
	classes = {
	};
	objectVersion = 52;
	objects = {

/* Begin PBXBuildFile section */
		694CE78E23731406002EEAAC /* AppDelegate.swift in Sources */ = {isa = PBXBuildFile; fileRef = 694CE78D23731406002EEAAC /* AppDelegate.swift */; };
		694CE79023731406002EEAAC /* ContentView.swift in Sources */ = {isa = PBXBuildFile; fileRef = 694CE78F23731406002EEAAC /* ContentView.swift */; };
		694CE7922373140A002EEAAC /* Assets.xcassets in Resources */ = {isa = PBXBuildFile; fileRef = 694CE7912373140A002EEAAC /* Assets.xcassets */; };
		694CE7952373140A002EEAAC /* Preview Assets.xcassets in Resources */ = {isa = PBXBuildFile; fileRef = 694CE7942373140A002EEAAC /* Preview Assets.xcassets */; };
		694CE7982373140A002EEAAC /* Main.storyboard in Resources */ = {isa = PBXBuildFile; fileRef = 694CE7962373140A002EEAAC /* Main.storyboard */; };
		69569AE72373272600B17616 /* ORSSerial in Frameworks */ = {isa = PBXBuildFile; productRef = 69569AE62373272600B17616 /* ORSSerial */; };
		696CB8EC2375DB4A0090E120 /* KeyboardController.swift in Sources */ = {isa = PBXBuildFile; fileRef = 696CB8EB2375DB4A0090E120 /* KeyboardController.swift */; };
/* End PBXBuildFile section */

/* Begin PBXFileReference section */
		694CE78A23731405002EEAAC /* KitKat.app */ = {isa = PBXFileReference; explicitFileType = wrapper.application; includeInIndex = 0; path = KitKat.app; sourceTree = BUILT_PRODUCTS_DIR; };
		694CE78D23731406002EEAAC /* AppDelegate.swift */ = {isa = PBXFileReference; lastKnownFileType = sourcecode.swift; path = AppDelegate.swift; sourceTree = "<group>"; };
		694CE78F23731406002EEAAC /* ContentView.swift */ = {isa = PBXFileReference; lastKnownFileType = sourcecode.swift; path = ContentView.swift; sourceTree = "<group>"; };
		694CE7912373140A002EEAAC /* Assets.xcassets */ = {isa = PBXFileReference; lastKnownFileType = folder.assetcatalog; path = Assets.xcassets; sourceTree = "<group>"; };
		694CE7942373140A002EEAAC /* Preview Assets.xcassets */ = {isa = PBXFileReference; lastKnownFileType = folder.assetcatalog; path = "Preview Assets.xcassets"; sourceTree = "<group>"; };
		694CE7972373140A002EEAAC /* Base */ = {isa = PBXFileReference; lastKnownFileType = file.storyboard; name = Base; path = Base.lproj/Main.storyboard; sourceTree = "<group>"; };
		694CE7992373140A002EEAAC /* Info.plist */ = {isa = PBXFileReference; lastKnownFileType = text.plist.xml; path = Info.plist; sourceTree = "<group>"; };
		694CE79A2373140A002EEAAC /* KitKat.entitlements */ = {isa = PBXFileReference; lastKnownFileType = text.plist.entitlements; path = KitKat.entitlements; sourceTree = "<group>"; };
		696CB8EB2375DB4A0090E120 /* KeyboardController.swift */ = {isa = PBXFileReference; lastKnownFileType = sourcecode.swift; path = KeyboardController.swift; sourceTree = "<group>"; };
/* End PBXFileReference section */

/* Begin PBXFrameworksBuildPhase section */
		694CE78723731405002EEAAC /* Frameworks */ = {
			isa = PBXFrameworksBuildPhase;
			buildActionMask = 2147483647;
			files = (
				69569AE72373272600B17616 /* ORSSerial in Frameworks */,
			);
			runOnlyForDeploymentPostprocessing = 0;
		};
/* End PBXFrameworksBuildPhase section */

/* Begin PBXGroup section */
		694CE78123731405002EEAAC = {
			isa = PBXGroup;
			children = (
				694CE78C23731405002EEAAC /* KitKat */,
				694CE78B23731405002EEAAC /* Products */,
			);
			sourceTree = "<group>";
		};
		694CE78B23731405002EEAAC /* Products */ = {
			isa = PBXGroup;
			children = (
				694CE78A23731405002EEAAC /* KitKat.app */,
			);
			name = Products;
			sourceTree = "<group>";
		};
		694CE78C23731405002EEAAC /* KitKat */ = {
			isa = PBXGroup;
			children = (
				694CE78D23731406002EEAAC /* AppDelegate.swift */,
				694CE78F23731406002EEAAC /* ContentView.swift */,
				696CB8EB2375DB4A0090E120 /* KeyboardController.swift */,
				694CE7912373140A002EEAAC /* Assets.xcassets */,
				694CE7962373140A002EEAAC /* Main.storyboard */,
				694CE7992373140A002EEAAC /* Info.plist */,
				694CE79A2373140A002EEAAC /* KitKat.entitlements */,
				694CE7932373140A002EEAAC /* Preview Content */,
			);
			path = KitKat;
			sourceTree = "<group>";
		};
		694CE7932373140A002EEAAC /* Preview Content */ = {
			isa = PBXGroup;
			children = (
				694CE7942373140A002EEAAC /* Preview Assets.xcassets */,
			);
			path = "Preview Content";
			sourceTree = "<group>";
		};
/* End PBXGroup section */

/* Begin PBXNativeTarget section */
		694CE78923731405002EEAAC /* KitKat */ = {
			isa = PBXNativeTarget;
			buildConfigurationList = 694CE79D2373140A002EEAAC /* Build configuration list for PBXNativeTarget "KitKat" */;
			buildPhases = (
				694CE78623731405002EEAAC /* Sources */,
				694CE78723731405002EEAAC /* Frameworks */,
				694CE78823731405002EEAAC /* Resources */,
			);
			buildRules = (
			);
			dependencies = (
			);
			name = KitKat;
			packageProductDependencies = (
				69569AE62373272600B17616 /* ORSSerial */,
			);
			productName = KitKat;
			productReference = 694CE78A23731405002EEAAC /* KitKat.app */;
			productType = "com.apple.product-type.application";
		};
/* End PBXNativeTarget section */

/* Begin PBXProject section */
		694CE78223731405002EEAAC /* Project object */ = {
			isa = PBXProject;
			attributes = {
				LastSwiftUpdateCheck = 1110;
				LastUpgradeCheck = 1110;
				ORGANIZATIONNAME = "Team Macro";
				TargetAttributes = {
					694CE78923731405002EEAAC = {
						CreatedOnToolsVersion = 11.1;
					};
				};
			};
			buildConfigurationList = 694CE78523731405002EEAAC /* Build configuration list for PBXProject "KitKat" */;
			compatibilityVersion = "Xcode 9.3";
			developmentRegion = en;
			hasScannedForEncodings = 0;
			knownRegions = (
				en,
				Base,
			);
			mainGroup = 694CE78123731405002EEAAC;
			packageReferences = (
				69569AE52373272600B17616 /* XCRemoteSwiftPackageReference "ORSSerialPort" */,
			);
			productRefGroup = 694CE78B23731405002EEAAC /* Products */;
			projectDirPath = "";
			projectRoot = "";
			targets = (
				694CE78923731405002EEAAC /* KitKat */,
			);
		};
/* End PBXProject section */

/* Begin PBXResourcesBuildPhase section */
		694CE78823731405002EEAAC /* Resources */ = {
			isa = PBXResourcesBuildPhase;
			buildActionMask = 2147483647;
			files = (
				694CE7982373140A002EEAAC /* Main.storyboard in Resources */,
				694CE7952373140A002EEAAC /* Preview Assets.xcassets in Resources */,
				694CE7922373140A002EEAAC /* Assets.xcassets in Resources */,
			);
			runOnlyForDeploymentPostprocessing = 0;
		};
/* End PBXResourcesBuildPhase section */

/* Begin PBXSourcesBuildPhase section */
		694CE78623731405002EEAAC /* Sources */ = {
			isa = PBXSourcesBuildPhase;
			buildActionMask = 2147483647;
			files = (
				694CE79023731406002EEAAC /* ContentView.swift in Sources */,
				696CB8EC2375DB4A0090E120 /* KeyboardController.swift in Sources */,
				694CE78E23731406002EEAAC /* AppDelegate.swift in Sources */,
			);
			runOnlyForDeploymentPostprocessing = 0;
		};
/* End PBXSourcesBuildPhase section */

/* Begin PBXVariantGroup section */
		694CE7962373140A002EEAAC /* Main.storyboard */ = {
			isa = PBXVariantGroup;
			children = (
				694CE7972373140A002EEAAC /* Base */,
			);
			name = Main.storyboard;
			sourceTree = "<group>";
		};
/* End PBXVariantGroup section */

/* Begin XCBuildConfiguration section */
		694CE79B2373140A002EEAAC /* Debug */ = {
			isa = XCBuildConfiguration;
			buildSettings = {
				ALWAYS_SEARCH_USER_PATHS = NO;
				CLANG_ANALYZER_NONNULL = YES;
				CLANG_ANALYZER_NUMBER_OBJECT_CONVERSION = YES_AGGRESSIVE;
				CLANG_CXX_LANGUAGE_STANDARD = "gnu++14";
				CLANG_CXX_LIBRARY = "libc++";
				CLANG_ENABLE_MODULES = YES;
				CLANG_ENABLE_OBJC_ARC = YES;
				CLANG_ENABLE_OBJC_WEAK = YES;
				CLANG_WARN_BLOCK_CAPTURE_AUTORELEASING = YES;
				CLANG_WARN_BOOL_CONVERSION = YES;
				CLANG_WARN_COMMA = YES;
				CLANG_WARN_CONSTANT_CONVERSION = YES;
				CLANG_WARN_DEPRECATED_OBJC_IMPLEMENTATIONS = YES;
				CLANG_WARN_DIRECT_OBJC_ISA_USAGE = YES_ERROR;
				CLANG_WARN_DOCUMENTATION_COMMENTS = YES;
				CLANG_WARN_EMPTY_BODY = YES;
				CLANG_WARN_ENUM_CONVERSION = YES;
				CLANG_WARN_INFINITE_RECURSION = YES;
				CLANG_WARN_INT_CONVERSION = YES;
				CLANG_WARN_NON_LITERAL_NULL_CONVERSION = YES;
				CLANG_WARN_OBJC_IMPLICIT_RETAIN_SELF = YES;
				CLANG_WARN_OBJC_LITERAL_CONVERSION = YES;
				CLANG_WARN_OBJC_ROOT_CLASS = YES_ERROR;
				CLANG_WARN_RANGE_LOOP_ANALYSIS = YES;
				CLANG_WARN_STRICT_PROTOTYPES = YES;
				CLANG_WARN_SUSPICIOUS_MOVE = YES;
				CLANG_WARN_UNGUARDED_AVAILABILITY = YES_AGGRESSIVE;
				CLANG_WARN_UNREACHABLE_CODE = YES;
				CLANG_WARN__DUPLICATE_METHOD_MATCH = YES;
				COPY_PHASE_STRIP = NO;
				DEBUG_INFORMATION_FORMAT = dwarf;
				ENABLE_STRICT_OBJC_MSGSEND = YES;
				ENABLE_TESTABILITY = YES;
				GCC_C_LANGUAGE_STANDARD = gnu11;
				GCC_DYNAMIC_NO_PIC = NO;
				GCC_NO_COMMON_BLOCKS = YES;
				GCC_OPTIMIZATION_LEVEL = 0;
				GCC_PREPROCESSOR_DEFINITIONS = (
					"DEBUG=1",
					"$(inherited)",
				);
				GCC_WARN_64_TO_32_BIT_CONVERSION = YES;
				GCC_WARN_ABOUT_RETURN_TYPE = YES_ERROR;
				GCC_WARN_UNDECLARED_SELECTOR = YES;
				GCC_WARN_UNINITIALIZED_AUTOS = YES_AGGRESSIVE;
				GCC_WARN_UNUSED_FUNCTION = YES;
				GCC_WARN_UNUSED_VARIABLE = YES;
				MACOSX_DEPLOYMENT_TARGET = 10.15;
				MTL_ENABLE_DEBUG_INFO = INCLUDE_SOURCE;
				MTL_FAST_MATH = YES;
				ONLY_ACTIVE_ARCH = YES;
				SDKROOT = macosx;
				SWIFT_ACTIVE_COMPILATION_CONDITIONS = DEBUG;
				SWIFT_OPTIMIZATION_LEVEL = "-Onone";
			};
			name = Debug;
		};
		694CE79C2373140A002EEAAC /* Release */ = {
			isa = XCBuildConfiguration;
			buildSettings = {
				ALWAYS_SEARCH_USER_PATHS = NO;
				CLANG_ANALYZER_NONNULL = YES;
				CLANG_ANALYZER_NUMBER_OBJECT_CONVERSION = YES_AGGRESSIVE;
				CLANG_CXX_LANGUAGE_STANDARD = "gnu++14";
				CLANG_CXX_LIBRARY = "libc++";
				CLANG_ENABLE_MODULES = YES;
				CLANG_ENABLE_OBJC_ARC = YES;
				CLANG_ENABLE_OBJC_WEAK = YES;
				CLANG_WARN_BLOCK_CAPTURE_AUTORELEASING = YES;
				CLANG_WARN_BOOL_CONVERSION = YES;
				CLANG_WARN_COMMA = YES;
				CLANG_WARN_CONSTANT_CONVERSION = YES;
				CLANG_WARN_DEPRECATED_OBJC_IMPLEMENTATIONS = YES;
				CLANG_WARN_DIRECT_OBJC_ISA_USAGE = YES_ERROR;
				CLANG_WARN_DOCUMENTATION_COMMENTS = YES;
				CLANG_WARN_EMPTY_BODY = YES;
				CLANG_WARN_ENUM_CONVERSION = YES;
				CLANG_WARN_INFINITE_RECURSION = YES;
				CLANG_WARN_INT_CONVERSION = YES;
				CLANG_WARN_NON_LITERAL_NULL_CONVERSION = YES;
				CLANG_WARN_OBJC_IMPLICIT_RETAIN_SELF = YES;
				CLANG_WARN_OBJC_LITERAL_CONVERSION = YES;
				CLANG_WARN_OBJC_ROOT_CLASS = YES_ERROR;
				CLANG_WARN_RANGE_LOOP_ANALYSIS = YES;
				CLANG_WARN_STRICT_PROTOTYPES = YES;
				CLANG_WARN_SUSPICIOUS_MOVE = YES;
				CLANG_WARN_UNGUARDED_AVAILABILITY = YES_AGGRESSIVE;
				CLANG_WARN_UNREACHABLE_CODE = YES;
				CLANG_WARN__DUPLICATE_METHOD_MATCH = YES;
				COPY_PHASE_STRIP = NO;
				DEBUG_INFORMATION_FORMAT = "dwarf-with-dsym";
				ENABLE_NS_ASSERTIONS = NO;
				ENABLE_STRICT_OBJC_MSGSEND = YES;
				GCC_C_LANGUAGE_STANDARD = gnu11;
				GCC_NO_COMMON_BLOCKS = YES;
				GCC_WARN_64_TO_32_BIT_CONVERSION = YES;
				GCC_WARN_ABOUT_RETURN_TYPE = YES_ERROR;
				GCC_WARN_UNDECLARED_SELECTOR = YES;
				GCC_WARN_UNINITIALIZED_AUTOS = YES_AGGRESSIVE;
				GCC_WARN_UNUSED_FUNCTION = YES;
				GCC_WARN_UNUSED_VARIABLE = YES;
				MACOSX_DEPLOYMENT_TARGET = 10.15;
				MTL_ENABLE_DEBUG_INFO = NO;
				MTL_FAST_MATH = YES;
				SDKROOT = macosx;
				SWIFT_COMPILATION_MODE = wholemodule;
				SWIFT_OPTIMIZATION_LEVEL = "-O";
			};
			name = Release;
		};
		694CE79E2373140A002EEAAC /* Debug */ = {
			isa = XCBuildConfiguration;
			buildSettings = {
				ASSETCATALOG_COMPILER_APPICON_NAME = AppIcon;
				CODE_SIGN_ENTITLEMENTS = KitKat/KitKat.entitlements;
				CODE_SIGN_STYLE = Automatic;
				COMBINE_HIDPI_IMAGES = YES;
				DEVELOPMENT_ASSET_PATHS = "\"KitKat/Preview Content\"";
				DEVELOPMENT_TEAM = 763239R363;
				ENABLE_HARDENED_RUNTIME = YES;
				ENABLE_PREVIEWS = YES;
				INFOPLIST_FILE = KitKat/Info.plist;
				LD_RUNPATH_SEARCH_PATHS = (
					"$(inherited)",
					"@executable_path/../Frameworks",
				);
				MACOSX_DEPLOYMENT_TARGET = 10.15;
				PRODUCT_BUNDLE_IDENTIFIER = com.macro.KitKat;
				PRODUCT_NAME = "$(TARGET_NAME)";
				SWIFT_VERSION = 5.0;
			};
			name = Debug;
		};
		694CE79F2373140A002EEAAC /* Release */ = {
			isa = XCBuildConfiguration;
			buildSettings = {
				ASSETCATALOG_COMPILER_APPICON_NAME = AppIcon;
				CODE_SIGN_ENTITLEMENTS = KitKat/KitKat.entitlements;
				CODE_SIGN_STYLE = Automatic;
				COMBINE_HIDPI_IMAGES = YES;
				DEVELOPMENT_ASSET_PATHS = "\"KitKat/Preview Content\"";
				DEVELOPMENT_TEAM = 763239R363;
				ENABLE_HARDENED_RUNTIME = YES;
				ENABLE_PREVIEWS = YES;
				INFOPLIST_FILE = KitKat/Info.plist;
				LD_RUNPATH_SEARCH_PATHS = (
					"$(inherited)",
					"@executable_path/../Frameworks",
				);
				MACOSX_DEPLOYMENT_TARGET = 10.15;
				PRODUCT_BUNDLE_IDENTIFIER = com.macro.KitKat;
				PRODUCT_NAME = "$(TARGET_NAME)";
				SWIFT_VERSION = 5.0;
			};
			name = Release;
		};
/* End XCBuildConfiguration section */

/* Begin XCConfigurationList section */
		694CE78523731405002EEAAC /* Build configuration list for PBXProject "KitKat" */ = {
			isa = XCConfigurationList;
			buildConfigurations = (
				694CE79B2373140A002EEAAC /* Debug */,
				694CE79C2373140A002EEAAC /* Release */,
			);
			defaultConfigurationIsVisible = 0;
			defaultConfigurationName = Release;
		};
		694CE79D2373140A002EEAAC /* Build configuration list for PBXNativeTarget "KitKat" */ = {
			isa = XCConfigurationList;
			buildConfigurations = (
				694CE79E2373140A002EEAAC /* Debug */,
				694CE79F2373140A002EEAAC /* Release */,
			);
			defaultConfigurationIsVisible = 0;
			defaultConfigurationName = Release;
		};
/* End XCConfigurationList section */

/* Begin XCRemoteSwiftPackageReference section */
		69569AE52373272600B17616 /* XCRemoteSwiftPackageReference "ORSSerialPort" */ = {
			isa = XCRemoteSwiftPackageReference;
			repositoryURL = "https://github.com/armadsen/ORSSerialPort";
			requirement = {
				kind = upToNextMajorVersion;
				minimumVersion = 2.1.0;
			};
		};
/* End XCRemoteSwiftPackageReference section */

/* Begin XCSwiftPackageProductDependency section */
		69569AE62373272600B17616 /* ORSSerial */ = {
			isa = XCSwiftPackageProductDependency;
			package = 69569AE52373272600B17616 /* XCRemoteSwiftPackageReference "ORSSerialPort" */;
			productName = ORSSerial;
		};
/* End XCSwiftPackageProductDependency section */
	};
	rootObject = 694CE78223731405002EEAAC /* Project object */;
}
